
Microsoft Visual Studio Solution File, Format Version 12.00
# Visual Studio Version 16
VisualStudioVersion = 16.0.31729.503
MinimumVisualStudioVersion = 10.0.40219.1
Project("{FAE04EC0-301F-11D3-BF4B-00C04F79EFBC}") = "ClassLibrary2", "ClassLibrary2\ClassLibrary2.csproj", "{4719C980-9262-441C-86AE-2E30965AD54A}"
EndProject
Project("{FAE04EC0-301F-11D3-BF4B-00C04F79EFBC}") = "WebApplication1", "WebApplication1\WebApplication1.csproj", "{FB950D88-3CE3-4344-9271-3E51DCEC8E64}"
EndProject
Global
	GlobalSection(SolutionConfigurationPlatforms) = preSolution
		Debug|Any CPU = Debug|Any CPU
		Release|Any CPU = Release|Any CPU
	EndGlobalSection
	GlobalSection(ProjectConfigurationPlatforms) = postSolution
		{4719C980-9262-441C-86AE-2E30965AD54A}.Debug|Any CPU.ActiveCfg = Debug|Any CPU
		{4719C980-9262-441C-86AE-2E30965AD54A}.Debug|Any CPU.Build.0 = Debug|Any CPU
		{4719C980-9262-441C-86AE-2E30965AD54A}.Release|Any CPU.ActiveCfg = Release|Any CPU
		{4719C980-9262-441C-86AE-2E30965AD54A}.Release|Any CPU.Build.0 = Release|Any CPU
		{FB950D88-3CE3-4344-9271-3E51DCEC8E64}.Debug|Any CPU.ActiveCfg = Debug|Any CPU
		{FB950D88-3CE3-4344-9271-3E51DCEC8E64}.Debug|Any CPU.Build.0 = Debug|Any CPU
		{FB950D88-3CE3-4344-9271-3E51DCEC8E64}.Release|Any CPU.ActiveCfg = Release|Any CPU
		{FB950D88-3CE3-4344-9271-3E51DCEC8E64}.Release|Any CPU.Build.0 = Release|Any CPU
	EndGlobalSection
	GlobalSection(SolutionProperties) = preSolution
		HideSolutionNode = FALSE
	EndGlobalSection
	GlobalSection(ExtensibilityGlobals) = postSolution
		SolutionGuid = {F994ABDA-1119-49BC-9C00-5F7EF5E80D81}
	EndGlobalSection
EndGlobal
